{
    "_meta": {
        "hash": {
            "sha256": "a01a6471482f3583a474b565e7cd127453345231a6b5864d2e20d91046cfa5ff"
        },
        "pipfile-spec": 6,
        "requires": {
            "python_version": "3.10"
        },
        "sources": [
            {
                "name": "pypi",
                "url": "https://pypi.org/simple",
                "verify_ssl": true
            }
        ]
    },
    "default": {
        "pygal": {
            "hashes": [
                "sha256:2923f95d2e515930aa5a997219dccefbf3d92b7eaf5fc1c9febb95b09935fdb2",
                "sha256:9ae06e32dec1422f9cd0d606fe2728f78e0b5d644551137480d8d5806e2426f0"
            ],
            "index": "pypi",
            "version": "==3.0.0"
        }
    },
    "develop": {}
}
